
Microsoft Visual Studio Solution File, Format Version 12.00
# Visual Studio Version 16
VisualStudioVersion = 16.0.30114.105
MinimumVisualStudioVersion = 10.0.40219.1
Project("{FAE04EC0-301F-11D3-BF4B-00C04F79EFBC}") = "ExampleArtifact", "ExampleArtifact.csproj", "{D1E0F01F-2FAA-49BE-A383-6999F0D74DA0}"
EndProject
Global
	GlobalSection(SolutionConfigurationPlatforms) = preSolution
		Debug|Any CPU = Debug|Any CPU
		Release|Any CPU = Release|Any CPU
	EndGlobalSection
	GlobalSection(ProjectConfigurationPlatforms) = postSolution
		{D1E0F01F-2FAA-49BE-A383-6999F0D74DA0}.Debug|Any CPU.ActiveCfg = Debug|Any CPU
		{D1E0F01F-2FAA-49BE-A383-6999F0D74DA0}.Debug|Any CPU.Build.0 = Debug|Any CPU
		{D1E0F01F-2FAA-49BE-A383-6999F0D74DA0}.Release|Any CPU.ActiveCfg = Release|Any CPU
		{D1E0F01F-2FAA-49BE-A383-6999F0D74DA0}.Release|Any CPU.Build.0 = Release|Any CPU
	EndGlobalSection
	GlobalSection(SolutionProperties) = preSolution
		HideSolutionNode = FALSE
	EndGlobalSection
	GlobalSection(ExtensibilityGlobals) = postSolution
		SolutionGuid = {1C8858F7-8AE8-45C1-965C-54851F045EDE}
	EndGlobalSection
EndGlobal
